// !$*UTF8*$!
{
	archiveVersion = 1;
	classes = {
	};
	objectVersion = 77;
	objects = {

/* Begin PBXBuildFile section */
		74C4D2572E152725003F07D0 /* kmpKit.xcframework in Frameworks */ = {isa = PBXBuildFile; fileRef = 74C4D2562E152725003F07D0 /* kmpKit.xcframework */; };
		74C4D2582E152725003F07D0 /* kmpKit.xcframework in Embed Frameworks */ = {isa = PBXBuildFile; fileRef = 74C4D2562E152725003F07D0 /* kmpKit.xcframework */; settings = {ATTRIBUTES = (CodeSignOnCopy, RemoveHeadersOnCopy, ); }; };
/* End PBXBuildFile section */

/* Begin PBXContainerItemProxy section */
		74C4D2232E1523EF003F07D0 /* PBXContainerItemProxy */ = {
			isa = PBXContainerItemProxy;
			containerPortal = 74C4D20A2E1523ED003F07D0 /* Project object */;
			proxyType = 1;
			remoteGlobalIDString = 74C4D2112E1523ED003F07D0;
			remoteInfo = KMPDemoMokeraList;
		};
		74C4D22D2E1523EF003F07D0 /* PBXContainerItemProxy */ = {
			isa = PBXContainerItemProxy;
			containerPortal = 74C4D20A2E1523ED003F07D0 /* Project object */;
			proxyType = 1;
			remoteGlobalIDString = 74C4D2112E1523ED003F07D0;
			remoteInfo = KMPDemoMokeraList;
		};
/* End PBXContainerItemProxy section */

/* Begin PBXCopyFilesBuildPhase section */
		74C4D2592E152725003F07D0 /* Embed Frameworks */ = {
			isa = PBXCopyFilesBuildPhase;
			buildActionMask = 2147483647;
			dstPath = "";
			dstSubfolderSpec = 10;
			files = (
				74C4D2582E152725003F07D0 /* kmpKit.xcframework in Embed Frameworks */,
			);
			name = "Embed Frameworks";
			runOnlyForDeploymentPostprocessing = 0;
		};
/* End PBXCopyFilesBuildPhase section */

/* Begin PBXFileReference section */
		74C4D2122E1523ED003F07D0 /* KMPDemoMokeraList.app */ = {isa = PBXFileReference; explicitFileType = wrapper.application; includeInIndex = 0; path = KMPDemoMokeraList.app; sourceTree = BUILT_PRODUCTS_DIR; };
		74C4D2222E1523EF003F07D0 /* KMPDemoMokeraListTests.xctest */ = {isa = PBXFileReference; explicitFileType = wrapper.cfbundle; includeInIndex = 0; path = KMPDemoMokeraListTests.xctest; sourceTree = BUILT_PRODUCTS_DIR; };
		74C4D22C2E1523EF003F07D0 /* KMPDemoMokeraListUITests.xctest */ = {isa = PBXFileReference; explicitFileType = wrapper.cfbundle; includeInIndex = 0; path = KMPDemoMokeraListUITests.xctest; sourceTree = BUILT_PRODUCTS_DIR; };
		74C4D2562E152725003F07D0 /* kmpKit.xcframework */ = {isa = PBXFileReference; lastKnownFileType = wrapper.xcframework; path = kmpKit.xcframework; sourceTree = "<group>"; };
/* End PBXFileReference section */

/* Begin PBXFileSystemSynchronizedRootGroup section */
		74C4D2142E1523ED003F07D0 /* KMPDemoMokeraList */ = {
			isa = PBXFileSystemSynchronizedRootGroup;
			path = KMPDemoMokeraList;
			sourceTree = "<group>";
		};
		74C4D2252E1523EF003F07D0 /* KMPDemoMokeraListTests */ = {
			isa = PBXFileSystemSynchronizedRootGroup;
			path = KMPDemoMokeraListTests;
			sourceTree = "<group>";
		};
		74C4D22F2E1523EF003F07D0 /* KMPDemoMokeraListUITests */ = {
			isa = PBXFileSystemSynchronizedRootGroup;
			path = KMPDemoMokeraListUITests;
			sourceTree = "<group>";
		};
/* End PBXFileSystemSynchronizedRootGroup section */

/* Begin PBXFrameworksBuildPhase section */
		74C4D20F2E1523ED003F07D0 /* Frameworks */ = {
			isa = PBXFrameworksBuildPhase;
			buildActionMask = 2147483647;
			files = (
				74C4D2572E152725003F07D0 /* kmpKit.xcframework in Frameworks */,
			);
			runOnlyForDeploymentPostprocessing = 0;
		};
		74C4D21F2E1523EF003F07D0 /* Frameworks */ = {
			isa = PBXFrameworksBuildPhase;
			buildActionMask = 2147483647;
			files = (
			);
			runOnlyForDeploymentPostprocessing = 0;
		};
		74C4D2292E1523EF003F07D0 /* Frameworks */ = {
			isa = PBXFrameworksBuildPhase;
			buildActionMask = 2147483647;
			files = (
			);
			runOnlyForDeploymentPostprocessing = 0;
		};
/* End PBXFrameworksBuildPhase section */

/* Begin PBXGroup section */
		74C4D2092E1523ED003F07D0 = {
			isa = PBXGroup;
			children = (
				74C4D2142E1523ED003F07D0 /* KMPDemoMokeraList */,
				74C4D2252E1523EF003F07D0 /* KMPDemoMokeraListTests */,
				74C4D22F2E1523EF003F07D0 /* KMPDemoMokeraListUITests */,
				74C4D24E2E152474003F07D0 /* Frameworks */,
				74C4D2132E1523ED003F07D0 /* Products */,
			);
			sourceTree = "<group>";
		};
		74C4D2132E1523ED003F07D0 /* Products */ = {
			isa = PBXGroup;
			children = (
				74C4D2122E1523ED003F07D0 /* KMPDemoMokeraList.app */,
				74C4D2222E1523EF003F07D0 /* KMPDemoMokeraListTests.xctest */,
				74C4D22C2E1523EF003F07D0 /* KMPDemoMokeraListUITests.xctest */,
			);
			name = Products;
			sourceTree = "<group>";
		};
		74C4D24E2E152474003F07D0 /* Frameworks */ = {
			isa = PBXGroup;
			children = (
				74C4D2562E152725003F07D0 /* kmpKit.xcframework */,
			);
			name = Frameworks;
			sourceTree = "<group>";
		};
/* End PBXGroup section */

/* Begin PBXNativeTarget section */
		74C4D2112E1523ED003F07D0 /* KMPDemoMokeraList */ = {
			isa = PBXNativeTarget;
			buildConfigurationList = 74C4D2362E1523EF003F07D0 /* Build configuration list for PBXNativeTarget "KMPDemoMokeraList" */;
			buildPhases = (
				74C4D20E2E1523ED003F07D0 /* Sources */,
				74C4D20F2E1523ED003F07D0 /* Frameworks */,
				74C4D2102E1523ED003F07D0 /* Resources */,
				74C4D2592E152725003F07D0 /* Embed Frameworks */,
			);
			buildRules = (
			);
			dependencies = (
			);
			fileSystemSynchronizedGroups = (
				74C4D2142E1523ED003F07D0 /* KMPDemoMokeraList */,
			);
			name = KMPDemoMokeraList;
			packageProductDependencies = (
			);
			productName = KMPDemoMokeraList;
			productReference = 74C4D2122E1523ED003F07D0 /* KMPDemoMokeraList.app */;
			productType = "com.apple.product-type.application";
		};
		74C4D2212E1523EF003F07D0 /* KMPDemoMokeraListTests */ = {
			isa = PBXNativeTarget;
			buildConfigurationList = 74C4D2392E1523EF003F07D0 /* Build configuration list for PBXNativeTarget "KMPDemoMokeraListTests" */;
			buildPhases = (
				74C4D21E2E1523EF003F07D0 /* Sources */,
				74C4D21F2E1523EF003F07D0 /* Frameworks */,
				74C4D2202E1523EF003F07D0 /* Resources */,
			);
			buildRules = (
			);
			dependencies = (
				74C4D2242E1523EF003F07D0 /* PBXTargetDependency */,
			);
			fileSystemSynchronizedGroups = (
				74C4D2252E1523EF003F07D0 /* KMPDemoMokeraListTests */,
			);
			name = KMPDemoMokeraListTests;
			packageProductDependencies = (
			);
			productName = KMPDemoMokeraListTests;
			productReference = 74C4D2222E1523EF003F07D0 /* KMPDemoMokeraListTests.xctest */;
			productType = "com.apple.product-type.bundle.unit-test";
		};
		74C4D22B2E1523EF003F07D0 /* KMPDemoMokeraListUITests */ = {
			isa = PBXNativeTarget;
			buildConfigurationList = 74C4D23C2E1523EF003F07D0 /* Build configuration list for PBXNativeTarget "KMPDemoMokeraListUITests" */;
			buildPhases = (
				74C4D2282E1523EF003F07D0 /* Sources */,
				74C4D2292E1523EF003F07D0 /* Frameworks */,
				74C4D22A2E1523EF003F07D0 /* Resources */,
			);
			buildRules = (
			);
			dependencies = (
				74C4D22E2E1523EF003F07D0 /* PBXTargetDependency */,
			);
			fileSystemSynchronizedGroups = (
				74C4D22F2E1523EF003F07D0 /* KMPDemoMokeraListUITests */,
			);
			name = KMPDemoMokeraListUITests;
			packageProductDependencies = (
			);
			productName = KMPDemoMokeraListUITests;
			productReference = 74C4D22C2E1523EF003F07D0 /* KMPDemoMokeraListUITests.xctest */;
			productType = "com.apple.product-type.bundle.ui-testing";
		};
/* End PBXNativeTarget section */

/* Begin PBXProject section */
		74C4D20A2E1523ED003F07D0 /* Project object */ = {
			isa = PBXProject;
			attributes = {
				BuildIndependentTargetsInParallel = 1;
				LastSwiftUpdateCheck = 1620;
				LastUpgradeCheck = 1620;
				TargetAttributes = {
					74C4D2112E1523ED003F07D0 = {
						CreatedOnToolsVersion = 16.2;
					};
					74C4D2212E1523EF003F07D0 = {
						CreatedOnToolsVersion = 16.2;
						TestTargetID = 74C4D2112E1523ED003F07D0;
					};
					74C4D22B2E1523EF003F07D0 = {
						CreatedOnToolsVersion = 16.2;
						TestTargetID = 74C4D2112E1523ED003F07D0;
					};
				};
			};
			buildConfigurationList = 74C4D20D2E1523ED003F07D0 /* Build configuration list for PBXProject "KMPDemoMokeraList" */;
			developmentRegion = en;
			hasScannedForEncodings = 0;
			knownRegions = (
				en,
				Base,
			);
			mainGroup = 74C4D2092E1523ED003F07D0;
			minimizedProjectReferenceProxies = 1;
			preferredProjectObjectVersion = 77;
			productRefGroup = 74C4D2132E1523ED003F07D0 /* Products */;
			projectDirPath = "";
			projectRoot = "";
			targets = (
				74C4D2112E1523ED003F07D0 /* KMPDemoMokeraList */,
				74C4D2212E1523EF003F07D0 /* KMPDemoMokeraListTests */,
				74C4D22B2E1523EF003F07D0 /* KMPDemoMokeraListUITests */,
			);
		};
/* End PBXProject section */

/* Begin PBXResourcesBuildPhase section */
		74C4D2102E1523ED003F07D0 /* Resources */ = {
			isa = PBXResourcesBuildPhase;
			buildActionMask = 2147483647;
			files = (
			);
			runOnlyForDeploymentPostprocessing = 0;
		};
		74C4D2202E1523EF003F07D0 /* Resources */ = {
			isa = PBXResourcesBuildPhase;
			buildActionMask = 2147483647;
			files = (
			);
			runOnlyForDeploymentPostprocessing = 0;
		};
		74C4D22A2E1523EF003F07D0 /* Resources */ = {
			isa = PBXResourcesBuildPhase;
			buildActionMask = 2147483647;
			files = (
			);
			runOnlyForDeploymentPostprocessing = 0;
		};
/* End PBXResourcesBuildPhase section */

/* Begin PBXSourcesBuildPhase section */
		74C4D20E2E1523ED003F07D0 /* Sources */ = {
			isa = PBXSourcesBuildPhase;
			buildActionMask = 2147483647;
			files = (
			);
			runOnlyForDeploymentPostprocessing = 0;
		};
		74C4D21E2E1523EF003F07D0 /* Sources */ = {
			isa = PBXSourcesBuildPhase;
			buildActionMask = 2147483647;
			files = (
			);
			runOnlyForDeploymentPostprocessing = 0;
		};
		74C4D2282E1523EF003F07D0 /* Sources */ = {
			isa = PBXSourcesBuildPhase;
			buildActionMask = 2147483647;
			files = (
			);
			runOnlyForDeploymentPostprocessing = 0;
		};
/* End PBXSourcesBuildPhase section */

/* Begin PBXTargetDependency section */
		74C4D2242E1523EF003F07D0 /* PBXTargetDependency */ = {
			isa = PBXTargetDependency;
			target = 74C4D2112E1523ED003F07D0 /* KMPDemoMokeraList */;
			targetProxy = 74C4D2232E1523EF003F07D0 /* PBXContainerItemProxy */;
		};
		74C4D22E2E1523EF003F07D0 /* PBXTargetDependency */ = {
			isa = PBXTargetDependency;
			target = 74C4D2112E1523ED003F07D0 /* KMPDemoMokeraList */;
			targetProxy = 74C4D22D2E1523EF003F07D0 /* PBXContainerItemProxy */;
		};
/* End PBXTargetDependency section */

/* Begin XCBuildConfiguration section */
		74C4D2342E1523EF003F07D0 /* Debug */ = {
			isa = XCBuildConfiguration;
			buildSettings = {
				ALWAYS_SEARCH_USER_PATHS = NO;
				ASSETCATALOG_COMPILER_GENERATE_SWIFT_ASSET_SYMBOL_EXTENSIONS = YES;
				CLANG_ANALYZER_NONNULL = YES;
				CLANG_ANALYZER_NUMBER_OBJECT_CONVERSION = YES_AGGRESSIVE;
				CLANG_CXX_LANGUAGE_STANDARD = "gnu++20";
				CLANG_ENABLE_MODULES = YES;
				CLANG_ENABLE_OBJC_ARC = YES;
				CLANG_ENABLE_OBJC_WEAK = YES;
				CLANG_WARN_BLOCK_CAPTURE_AUTORELEASING = YES;
				CLANG_WARN_BOOL_CONVERSION = YES;
				CLANG_WARN_COMMA = YES;
				CLANG_WARN_CONSTANT_CONVERSION = YES;
				CLANG_WARN_DEPRECATED_OBJC_IMPLEMENTATIONS = YES;
				CLANG_WARN_DIRECT_OBJC_ISA_USAGE = YES_ERROR;
				CLANG_WARN_DOCUMENTATION_COMMENTS = YES;
				CLANG_WARN_EMPTY_BODY = YES;
				CLANG_WARN_ENUM_CONVERSION = YES;
				CLANG_WARN_INFINITE_RECURSION = YES;
				CLANG_WARN_INT_CONVERSION = YES;
				CLANG_WARN_NON_LITERAL_NULL_CONVERSION = YES;
				CLANG_WARN_OBJC_IMPLICIT_RETAIN_SELF = YES;
				CLANG_WARN_OBJC_LITERAL_CONVERSION = YES;
				CLANG_WARN_OBJC_ROOT_CLASS = YES_ERROR;
				CLANG_WARN_QUOTED_INCLUDE_IN_FRAMEWORK_HEADER = YES;
				CLANG_WARN_RANGE_LOOP_ANALYSIS = YES;
				CLANG_WARN_STRICT_PROTOTYPES = YES;
				CLANG_WARN_SUSPICIOUS_MOVE = YES;
				CLANG_WARN_UNGUARDED_AVAILABILITY = YES_AGGRESSIVE;
				CLANG_WARN_UNREACHABLE_CODE = YES;
				CLANG_WARN__DUPLICATE_METHOD_MATCH = YES;
				COPY_PHASE_STRIP = NO;
				DEBUG_INFORMATION_FORMAT = dwarf;
				ENABLE_STRICT_OBJC_MSGSEND = YES;
				ENABLE_TESTABILITY = YES;
				ENABLE_USER_SCRIPT_SANDBOXING = YES;
				GCC_C_LANGUAGE_STANDARD = gnu17;
				GCC_DYNAMIC_NO_PIC = NO;
				GCC_NO_COMMON_BLOCKS = YES;
				GCC_OPTIMIZATION_LEVEL = 0;
				GCC_PREPROCESSOR_DEFINITIONS = (
					"DEBUG=1",
					"$(inherited)",
				);
				GCC_WARN_64_TO_32_BIT_CONVERSION = YES;
				GCC_WARN_ABOUT_RETURN_TYPE = YES_ERROR;
				GCC_WARN_UNDECLARED_SELECTOR = YES;
				GCC_WARN_UNINITIALIZED_AUTOS = YES_AGGRESSIVE;
				GCC_WARN_UNUSED_FUNCTION = YES;
				GCC_WARN_UNUSED_VARIABLE = YES;
				IPHONEOS_DEPLOYMENT_TARGET = 18.2;
				LOCALIZATION_PREFERS_STRING_CATALOGS = YES;
				MTL_ENABLE_DEBUG_INFO = INCLUDE_SOURCE;
				MTL_FAST_MATH = YES;
				ONLY_ACTIVE_ARCH = YES;
				SDKROOT = iphoneos;
				SWIFT_ACTIVE_COMPILATION_CONDITIONS = "DEBUG $(inherited)";
				SWIFT_OPTIMIZATION_LEVEL = "-Onone";
			};
			name = Debug;
		};
		74C4D2352E1523EF003F07D0 /* Release */ = {
			isa = XCBuildConfiguration;
			buildSettings = {
				ALWAYS_SEARCH_USER_PATHS = NO;
				ASSETCATALOG_COMPILER_GENERATE_SWIFT_ASSET_SYMBOL_EXTENSIONS = YES;
				CLANG_ANALYZER_NONNULL = YES;
				CLANG_ANALYZER_NUMBER_OBJECT_CONVERSION = YES_AGGRESSIVE;
				CLANG_CXX_LANGUAGE_STANDARD = "gnu++20";
				CLANG_ENABLE_MODULES = YES;
				CLANG_ENABLE_OBJC_ARC = YES;
				CLANG_ENABLE_OBJC_WEAK = YES;
				CLANG_WARN_BLOCK_CAPTURE_AUTORELEASING = YES;
				CLANG_WARN_BOOL_CONVERSION = YES;
				CLANG_WARN_COMMA = YES;
				CLANG_WARN_CONSTANT_CONVERSION = YES;
				CLANG_WARN_DEPRECATED_OBJC_IMPLEMENTATIONS = YES;
				CLANG_WARN_DIRECT_OBJC_ISA_USAGE = YES_ERROR;
				CLANG_WARN_DOCUMENTATION_COMMENTS = YES;
				CLANG_WARN_EMPTY_BODY = YES;
				CLANG_WARN_ENUM_CONVERSION = YES;
				CLANG_WARN_INFINITE_RECURSION = YES;
				CLANG_WARN_INT_CONVERSION = YES;
				CLANG_WARN_NON_LITERAL_NULL_CONVERSION = YES;
				CLANG_WARN_OBJC_IMPLICIT_RETAIN_SELF = YES;
				CLANG_WARN_OBJC_LITERAL_CONVERSION = YES;
				CLANG_WARN_OBJC_ROOT_CLASS = YES_ERROR;
				CLANG_WARN_QUOTED_INCLUDE_IN_FRAMEWORK_HEADER = YES;
				CLANG_WARN_RANGE_LOOP_ANALYSIS = YES;
				CLANG_WARN_STRICT_PROTOTYPES = YES;
				CLANG_WARN_SUSPICIOUS_MOVE = YES;
				CLANG_WARN_UNGUARDED_AVAILABILITY = YES_AGGRESSIVE;
				CLANG_WARN_UNREACHABLE_CODE = YES;
				CLANG_WARN__DUPLICATE_METHOD_MATCH = YES;
				COPY_PHASE_STRIP = NO;
				DEBUG_INFORMATION_FORMAT = "dwarf-with-dsym";
				ENABLE_NS_ASSERTIONS = NO;
				ENABLE_STRICT_OBJC_MSGSEND = YES;
				ENABLE_USER_SCRIPT_SANDBOXING = YES;
				GCC_C_LANGUAGE_STANDARD = gnu17;
				GCC_NO_COMMON_BLOCKS = YES;
				GCC_WARN_64_TO_32_BIT_CONVERSION = YES;
				GCC_WARN_ABOUT_RETURN_TYPE = YES_ERROR;
				GCC_WARN_UNDECLARED_SELECTOR = YES;
				GCC_WARN_UNINITIALIZED_AUTOS = YES_AGGRESSIVE;
				GCC_WARN_UNUSED_FUNCTION = YES;
				GCC_WARN_UNUSED_VARIABLE = YES;
				IPHONEOS_DEPLOYMENT_TARGET = 18.2;
				LOCALIZATION_PREFERS_STRING_CATALOGS = YES;
				MTL_ENABLE_DEBUG_INFO = NO;
				MTL_FAST_MATH = YES;
				SDKROOT = iphoneos;
				SWIFT_COMPILATION_MODE = wholemodule;
				VALIDATE_PRODUCT = YES;
			};
			name = Release;
		};
		74C4D2372E1523EF003F07D0 /* Debug */ = {
			isa = XCBuildConfiguration;
			buildSettings = {
				ASSETCATALOG_COMPILER_APPICON_NAME = AppIcon;
				ASSETCATALOG_COMPILER_GLOBAL_ACCENT_COLOR_NAME = AccentColor;
				CODE_SIGN_STYLE = Manual;
				CURRENT_PROJECT_VERSION = 1;
				DEVELOPMENT_ASSET_PATHS = "\"KMPDemoMokeraList/Preview Content\"";
				DEVELOPMENT_TEAM = "";
				ENABLE_PREVIEWS = YES;
				GENERATE_INFOPLIST_FILE = YES;
				INFOPLIST_KEY_UIApplicationSceneManifest_Generation = YES;
				INFOPLIST_KEY_UIApplicationSupportsIndirectInputEvents = YES;
				INFOPLIST_KEY_UILaunchScreen_Generation = YES;
				INFOPLIST_KEY_UISupportedInterfaceOrientations_iPad = "UIInterfaceOrientationPortrait UIInterfaceOrientationPortraitUpsideDown UIInterfaceOrientationLandscapeLeft UIInterfaceOrientationLandscapeRight";
				INFOPLIST_KEY_UISupportedInterfaceOrientations_iPhone = "UIInterfaceOrientationPortrait UIInterfaceOrientationLandscapeLeft UIInterfaceOrientationLandscapeRight";
				LD_RUNPATH_SEARCH_PATHS = (
					"$(inherited)",
					"@executable_path/Frameworks",
				);
				MARKETING_VERSION = 1.0;
				PRODUCT_BUNDLE_IDENTIFIER = com.mokelab.moke.KMPDemoMokeraList;
				PRODUCT_NAME = "$(TARGET_NAME)";
				PROVISIONING_PROFILE_SPECIFIER = "";
				SUPPORTED_PLATFORMS = "iphoneos iphonesimulator";
				SUPPORTS_MACCATALYST = NO;
				SUPPORTS_MAC_DESIGNED_FOR_IPHONE_IPAD = NO;
				SWIFT_EMIT_LOC_STRINGS = YES;
				SWIFT_VERSION = 5.0;
				TARGETED_DEVICE_FAMILY = "1,2";
			};
			name = Debug;
		};
		74C4D2382E1523EF003F07D0 /* Release */ = {
			isa = XCBuildConfiguration;
			buildSettings = {
				ASSETCATALOG_COMPILER_APPICON_NAME = AppIcon;
				ASSETCATALOG_COMPILER_GLOBAL_ACCENT_COLOR_NAME = AccentColor;
				CODE_SIGN_STYLE = Manual;
				CURRENT_PROJECT_VERSION = 1;
				DEVELOPMENT_ASSET_PATHS = "\"KMPDemoMokeraList/Preview Content\"";
				DEVELOPMENT_TEAM = "";
				ENABLE_PREVIEWS = YES;
				GENERATE_INFOPLIST_FILE = YES;
				INFOPLIST_KEY_UIApplicationSceneManifest_Generation = YES;
				INFOPLIST_KEY_UIApplicationSupportsIndirectInputEvents = YES;
				INFOPLIST_KEY_UILaunchScreen_Generation = YES;
				INFOPLIST_KEY_UISupportedInterfaceOrientations_iPad = "UIInterfaceOrientationPortrait UIInterfaceOrientationPortraitUpsideDown UIInterfaceOrientationLandscapeLeft UIInterfaceOrientationLandscapeRight";
				INFOPLIST_KEY_UISupportedInterfaceOrientations_iPhone = "UIInterfaceOrientationPortrait UIInterfaceOrientationLandscapeLeft UIInterfaceOrientationLandscapeRight";
				LD_RUNPATH_SEARCH_PATHS = (
					"$(inherited)",
					"@executable_path/Frameworks",
				);
				MARKETING_VERSION = 1.0;
				PRODUCT_BUNDLE_IDENTIFIER = com.mokelab.moke.KMPDemoMokeraList;
				PRODUCT_NAME = "$(TARGET_NAME)";
				PROVISIONING_PROFILE_SPECIFIER = "";
				SUPPORTED_PLATFORMS = "iphoneos iphonesimulator";
				SUPPORTS_MACCATALYST = NO;
				SUPPORTS_MAC_DESIGNED_FOR_IPHONE_IPAD = NO;
				SWIFT_EMIT_LOC_STRINGS = YES;
				SWIFT_VERSION = 5.0;
				TARGETED_DEVICE_FAMILY = "1,2";
			};
			name = Release;
		};
		74C4D23A2E1523EF003F07D0 /* Debug */ = {
			isa = XCBuildConfiguration;
			buildSettings = {
				BUNDLE_LOADER = "$(TEST_HOST)";
				CODE_SIGN_STYLE = Automatic;
				CURRENT_PROJECT_VERSION = 1;
				DEVELOPMENT_TEAM = 4B5MNURVUD;
				GENERATE_INFOPLIST_FILE = YES;
				IPHONEOS_DEPLOYMENT_TARGET = 18.2;
				MARKETING_VERSION = 1.0;
				PRODUCT_BUNDLE_IDENTIFIER = com.mokelab.moke.KMPDemoMokeraListTests;
				PRODUCT_NAME = "$(TARGET_NAME)";
				SWIFT_EMIT_LOC_STRINGS = NO;
				SWIFT_VERSION = 5.0;
				TARGETED_DEVICE_FAMILY = "1,2";
				TEST_HOST = "$(BUILT_PRODUCTS_DIR)/KMPDemoMokeraList.app/$(BUNDLE_EXECUTABLE_FOLDER_PATH)/KMPDemoMokeraList";
			};
			name = Debug;
		};
		74C4D23B2E1523EF003F07D0 /* Release */ = {
			isa = XCBuildConfiguration;
			buildSettings = {
				BUNDLE_LOADER = "$(TEST_HOST)";
				CODE_SIGN_STYLE = Automatic;
				CURRENT_PROJECT_VERSION = 1;
				DEVELOPMENT_TEAM = 4B5MNURVUD;
				GENERATE_INFOPLIST_FILE = YES;
				IPHONEOS_DEPLOYMENT_TARGET = 18.2;
				MARKETING_VERSION = 1.0;
				PRODUCT_BUNDLE_IDENTIFIER = com.mokelab.moke.KMPDemoMokeraListTests;
				PRODUCT_NAME = "$(TARGET_NAME)";
				SWIFT_EMIT_LOC_STRINGS = NO;
				SWIFT_VERSION = 5.0;
				TARGETED_DEVICE_FAMILY = "1,2";
				TEST_HOST = "$(BUILT_PRODUCTS_DIR)/KMPDemoMokeraList.app/$(BUNDLE_EXECUTABLE_FOLDER_PATH)/KMPDemoMokeraList";
			};
			name = Release;
		};
		74C4D23D2E1523EF003F07D0 /* Debug */ = {
			isa = XCBuildConfiguration;
			buildSettings = {
				CODE_SIGN_STYLE = Automatic;
				CURRENT_PROJECT_VERSION = 1;
				DEVELOPMENT_TEAM = 4B5MNURVUD;
				GENERATE_INFOPLIST_FILE = YES;
				MARKETING_VERSION = 1.0;
				PRODUCT_BUNDLE_IDENTIFIER = com.mokelab.moke.KMPDemoMokeraListUITests;
				PRODUCT_NAME = "$(TARGET_NAME)";
				SWIFT_EMIT_LOC_STRINGS = NO;
				SWIFT_VERSION = 5.0;
				TARGETED_DEVICE_FAMILY = "1,2";
				TEST_TARGET_NAME = KMPDemoMokeraList;
			};
			name = Debug;
		};
		74C4D23E2E1523EF003F07D0 /* Release */ = {
			isa = XCBuildConfiguration;
			buildSettings = {
				CODE_SIGN_STYLE = Automatic;
				CURRENT_PROJECT_VERSION = 1;
				DEVELOPMENT_TEAM = 4B5MNURVUD;
				GENERATE_INFOPLIST_FILE = YES;
				MARKETING_VERSION = 1.0;
				PRODUCT_BUNDLE_IDENTIFIER = com.mokelab.moke.KMPDemoMokeraListUITests;
				PRODUCT_NAME = "$(TARGET_NAME)";
				SWIFT_EMIT_LOC_STRINGS = NO;
				SWIFT_VERSION = 5.0;
				TARGETED_DEVICE_FAMILY = "1,2";
				TEST_TARGET_NAME = KMPDemoMokeraList;
			};
			name = Release;
		};
/* End XCBuildConfiguration section */

/* Begin XCConfigurationList section */
		74C4D20D2E1523ED003F07D0 /* Build configuration list for PBXProject "KMPDemoMokeraList" */ = {
			isa = XCConfigurationList;
			buildConfigurations = (
				74C4D2342E1523EF003F07D0 /* Debug */,
				74C4D2352E1523EF003F07D0 /* Release */,
			);
			defaultConfigurationIsVisible = 0;
			defaultConfigurationName = Release;
		};
		74C4D2362E1523EF003F07D0 /* Build configuration list for PBXNativeTarget "KMPDemoMokeraList" */ = {
			isa = XCConfigurationList;
			buildConfigurations = (
				74C4D2372E1523EF003F07D0 /* Debug */,
				74C4D2382E1523EF003F07D0 /* Release */,
			);
			defaultConfigurationIsVisible = 0;
			defaultConfigurationName = Release;
		};
		74C4D2392E1523EF003F07D0 /* Build configuration list for PBXNativeTarget "KMPDemoMokeraListTests" */ = {
			isa = XCConfigurationList;
			buildConfigurations = (
				74C4D23A2E1523EF003F07D0 /* Debug */,
				74C4D23B2E1523EF003F07D0 /* Release */,
			);
			defaultConfigurationIsVisible = 0;
			defaultConfigurationName = Release;
		};
		74C4D23C2E1523EF003F07D0 /* Build configuration list for PBXNativeTarget "KMPDemoMokeraListUITests" */ = {
			isa = XCConfigurationList;
			buildConfigurations = (
				74C4D23D2E1523EF003F07D0 /* Debug */,
				74C4D23E2E1523EF003F07D0 /* Release */,
			);
			defaultConfigurationIsVisible = 0;
			defaultConfigurationName = Release;
		};
/* End XCConfigurationList section */
	};
	rootObject = 74C4D20A2E1523ED003F07D0 /* Project object */;
}
